
Microsoft Visual Studio Solution File, Format Version 12.00
# Visual Studio Version 16
VisualStudioVersion = 16.0.30104.148
MinimumVisualStudioVersion = 10.0.40219.1
Project("{FAE04EC0-301F-11D3-BF4B-00C04F79EFBC}") = "DataAccessLayer", "DataAccessLayer.csproj", "{61A6C707-7FB0-4AD3-8706-1C5E250FEA7A}"
EndProject
Project("{FAE04EC0-301F-11D3-BF4B-00C04F79EFBC}") = "AppInsightsAPI", "..\AppInsightsAPI\AppInsightsAPI.csproj", "{6BB50591-FED1-483D-968B-C9C83E2D7147}"
EndProject
Global
	GlobalSection(SolutionConfigurationPlatforms) = preSolution
		Debug|Any CPU = Debug|Any CPU
		Release|Any CPU = Release|Any CPU
	EndGlobalSection
	GlobalSection(ProjectConfigurationPlatforms) = postSolution
		{61A6C707-7FB0-4AD3-8706-1C5E250FEA7A}.Debug|Any CPU.ActiveCfg = Debug|Any CPU
		{61A6C707-7FB0-4AD3-8706-1C5E250FEA7A}.Debug|Any CPU.Build.0 = Debug|Any CPU
		{61A6C707-7FB0-4AD3-8706-1C5E250FEA7A}.Release|Any CPU.ActiveCfg = Release|Any CPU
		{61A6C707-7FB0-4AD3-8706-1C5E250FEA7A}.Release|Any CPU.Build.0 = Release|Any CPU
		{6BB50591-FED1-483D-968B-C9C83E2D7147}.Debug|Any CPU.ActiveCfg = Debug|Any CPU
		{6BB50591-FED1-483D-968B-C9C83E2D7147}.Debug|Any CPU.Build.0 = Debug|Any CPU
		{6BB50591-FED1-483D-968B-C9C83E2D7147}.Release|Any CPU.ActiveCfg = Release|Any CPU
		{6BB50591-FED1-483D-968B-C9C83E2D7147}.Release|Any CPU.Build.0 = Release|Any CPU
	EndGlobalSection
	GlobalSection(SolutionProperties) = preSolution
		HideSolutionNode = FALSE
	EndGlobalSection
	GlobalSection(ExtensibilityGlobals) = postSolution
		SolutionGuid = {CEC62F31-FE27-4D71-B68F-CC6D1430B32F}
	EndGlobalSection
EndGlobal
