
Microsoft Visual Studio Solution File, Format Version 12.00
# Visual Studio Version 16
VisualStudioVersion = 16.0.30104.148
MinimumVisualStudioVersion = 10.0.40219.1
Project("{FAE04EC0-301F-11D3-BF4B-00C04F79EFBC}") = "ConfigProvider", "ConfigProvider.csproj", "{CAC677EE-9975-4D09-8E27-6CDF4B2E6A88}"
EndProject
Global
	GlobalSection(SolutionConfigurationPlatforms) = preSolution
		Debug|Any CPU = Debug|Any CPU
		Release|Any CPU = Release|Any CPU
	EndGlobalSection
	GlobalSection(ProjectConfigurationPlatforms) = postSolution
		{CAC677EE-9975-4D09-8E27-6CDF4B2E6A88}.Debug|Any CPU.ActiveCfg = Debug|Any CPU
		{CAC677EE-9975-4D09-8E27-6CDF4B2E6A88}.Debug|Any CPU.Build.0 = Debug|Any CPU
		{CAC677EE-9975-4D09-8E27-6CDF4B2E6A88}.Release|Any CPU.ActiveCfg = Release|Any CPU
		{CAC677EE-9975-4D09-8E27-6CDF4B2E6A88}.Release|Any CPU.Build.0 = Release|Any CPU
	EndGlobalSection
	GlobalSection(SolutionProperties) = preSolution
		HideSolutionNode = FALSE
	EndGlobalSection
	GlobalSection(ExtensibilityGlobals) = postSolution
		SolutionGuid = {942DCDF8-DE46-46D7-BFDA-DA108623CC0C}
	EndGlobalSection
EndGlobal
