
Microsoft Visual Studio Solution File, Format Version 12.00
# Visual Studio Version 16
VisualStudioVersion = 16.0.30104.148
MinimumVisualStudioVersion = 10.0.40219.1
Project("{FAE04EC0-301F-11D3-BF4B-00C04F79EFBC}") = "DataManager", "DataManager.csproj", "{757B54BC-860B-41F7-ADE9-EE13F6176006}"
EndProject
Global
	GlobalSection(SolutionConfigurationPlatforms) = preSolution
		Debug|Any CPU = Debug|Any CPU
		Release|Any CPU = Release|Any CPU
	EndGlobalSection
	GlobalSection(ProjectConfigurationPlatforms) = postSolution
		{757B54BC-860B-41F7-ADE9-EE13F6176006}.Debug|Any CPU.ActiveCfg = Debug|Any CPU
		{757B54BC-860B-41F7-ADE9-EE13F6176006}.Debug|Any CPU.Build.0 = Debug|Any CPU
		{757B54BC-860B-41F7-ADE9-EE13F6176006}.Release|Any CPU.ActiveCfg = Release|Any CPU
		{757B54BC-860B-41F7-ADE9-EE13F6176006}.Release|Any CPU.Build.0 = Release|Any CPU
	EndGlobalSection
	GlobalSection(SolutionProperties) = preSolution
		HideSolutionNode = FALSE
	EndGlobalSection
	GlobalSection(ExtensibilityGlobals) = postSolution
		SolutionGuid = {B7ACB9A3-1C2F-40CF-A76F-56A7CD17D681}
	EndGlobalSection
EndGlobal
