
Microsoft Visual Studio Solution File, Format Version 12.00
# Visual Studio Version 16
VisualStudioVersion = 16.0.30104.148
MinimumVisualStudioVersion = 10.0.40219.1
Project("{FAE04EC0-301F-11D3-BF4B-00C04F79EFBC}") = "ServiceLayer", "ServiceLayer.csproj", "{DCA9D807-D46D-48F1-A40D-4134D42774A7}"
EndProject
Global
	GlobalSection(SolutionConfigurationPlatforms) = preSolution
		Debug|Any CPU = Debug|Any CPU
		Release|Any CPU = Release|Any CPU
	EndGlobalSection
	GlobalSection(ProjectConfigurationPlatforms) = postSolution
		{DCA9D807-D46D-48F1-A40D-4134D42774A7}.Debug|Any CPU.ActiveCfg = Debug|Any CPU
		{DCA9D807-D46D-48F1-A40D-4134D42774A7}.Debug|Any CPU.Build.0 = Debug|Any CPU
		{DCA9D807-D46D-48F1-A40D-4134D42774A7}.Release|Any CPU.ActiveCfg = Release|Any CPU
		{DCA9D807-D46D-48F1-A40D-4134D42774A7}.Release|Any CPU.Build.0 = Release|Any CPU
	EndGlobalSection
	GlobalSection(SolutionProperties) = preSolution
		HideSolutionNode = FALSE
	EndGlobalSection
	GlobalSection(ExtensibilityGlobals) = postSolution
		SolutionGuid = {18CFD0F7-E359-4F7D-A187-FFC8B85B0114}
	EndGlobalSection
EndGlobal
