
Microsoft Visual Studio Solution File, Format Version 12.00
# Visual Studio Version 16
VisualStudioVersion = 16.0.30104.148
MinimumVisualStudioVersion = 10.0.40219.1
Project("{FAE04EC0-301F-11D3-BF4B-00C04F79EFBC}") = "LoggerToTxt", "LoggerToTxt.csproj", "{43448D3B-0443-4E8A-848F-C7391C44F6C2}"
EndProject
Global
	GlobalSection(SolutionConfigurationPlatforms) = preSolution
		Debug|Any CPU = Debug|Any CPU
		Release|Any CPU = Release|Any CPU
	EndGlobalSection
	GlobalSection(ProjectConfigurationPlatforms) = postSolution
		{43448D3B-0443-4E8A-848F-C7391C44F6C2}.Debug|Any CPU.ActiveCfg = Debug|Any CPU
		{43448D3B-0443-4E8A-848F-C7391C44F6C2}.Debug|Any CPU.Build.0 = Debug|Any CPU
		{43448D3B-0443-4E8A-848F-C7391C44F6C2}.Release|Any CPU.ActiveCfg = Release|Any CPU
		{43448D3B-0443-4E8A-848F-C7391C44F6C2}.Release|Any CPU.Build.0 = Release|Any CPU
	EndGlobalSection
	GlobalSection(SolutionProperties) = preSolution
		HideSolutionNode = FALSE
	EndGlobalSection
	GlobalSection(ExtensibilityGlobals) = postSolution
		SolutionGuid = {718251B6-FBDF-4461-8D75-6B23C1AA3FE6}
	EndGlobalSection
EndGlobal
